<?xml version="1.0" encoding="utf-8"?>
<Project ToolsVersion="4.0" xmlns="http://schemas.microsoft.com/developer/msbuild/2003">
  <ItemGroup>
    <Filter Include="源文件">
      <UniqueIdentifier>{4FC737F1-C7A5-4376-A066-2A32D752A2FF}</UniqueIdentifier>
      <Extensions>cpp;c;cc;cxx;def;odl;idl;hpj;bat;asm;asmx</Extensions>
    </Filter>
    <Filter Include="头文件">
      <UniqueIdentifier>{93995380-89BD-4b04-88EB-625FBE52EBFB}</UniqueIdentifier>
      <Extensions>h;hpp;hxx;hm;inl;inc;xsd</Extensions>
    </Filter>
    <Filter Include="资源文件">
      <UniqueIdentifier>{67DA6AB6-F800-4c08-8B7A-83BB121AAD01}</UniqueIdentifier>
      <Extensions>rc;ico;cur;bmp;dlg;rc2;rct;bin;rgs;gif;jpg;jpeg;jpe;resx;tiff;tif;png;wav;mfcribbon-ms</Extensions>
    </Filter>
  </ItemGroup>
  <ItemGroup>
    <ClInclude Include="inc\AiLBFlow.h">
      <Filter>头文件</Filter>
    </ClInclude>
    <ClInclude Include="inc\BoltzPara.h">
      <Filter>头文件</Filter>
    </ClInclude>
    <ClInclude Include="inc\MaterKit.h">
      <Filter>头文件</Filter>
    </ClInclude>
    <ClInclude Include="inc\mkFunction.h">
      <Filter>头文件</Filter>
    </ClInclude>
    <ClInclude Include="inc\mkGlobalDefs.h">
      <Filter>头文件</Filter>
    </ClInclude>
    <ClInclude Include="inc\mkGlobalDefsMkt.h">
      <Filter>头文件</Filter>
    </ClInclude>
    <ClInclude Include="inc\mkMpiManager.h">
      <Filter>头文件</Filter>
    </ClInclude>
    <ClInclude Include="inc\mkRunTimeDiagnostics.h">
      <Filter>头文件</Filter>
    </ClInclude>
    <ClInclude Include="inc\mkTriangleSet.h">
      <Filter>头文件</Filter>
    </ClInclude>
    <ClInclude Include="xml\mkTINYXMLIO.h">
      <Filter>头文件</Filter>
    </ClInclude>
    <ClInclude Include="xml\mkTINYXMLIO.hh">
      <Filter>头文件</Filter>
    </ClInclude>
    <ClInclude Include="xml\tinyxml.h">
      <Filter>头文件</Filter>
    </ClInclude>
    <ClInclude Include="inc\mkFluidsLBM.h">
      <Filter>头文件</Filter>
    </ClInclude>
    <ClInclude Include="inc\mkFluidsUser.h">
      <Filter>头文件</Filter>
    </ClInclude>
    <ClInclude Include="inc\mkFluidsMRT.h">
      <Filter>头文件</Filter>
    </ClInclude>
    <ClInclude Include="inc\mkPhaseField.h">
      <Filter>头文件</Filter>
    </ClInclude>
    <ClInclude Include="inc\mkLattice.h">
      <Filter>头文件</Filter>
    </ClInclude>
    <ClInclude Include="inc\mkVectors.h">
      <Filter>头文件</Filter>
    </ClInclude>
    <ClInclude Include="inc\mkCPUTimer.h">
      <Filter>头文件</Filter>
    </ClInclude>
    <ClInclude Include="inc\mkFluidsMultiphase.h">
      <Filter>头文件</Filter>
    </ClInclude>
    <ClInclude Include="inc\mkSolutalField.h">
      <Filter>头文件</Filter>
    </ClInclude>
    <ClInclude Include="inc\mkThermalField.h">
      <Filter>头文件</Filter>
    </ClInclude>
    <ClInclude Include="inc\mkFlowField.h">
      <Filter>头文件</Filter>
    </ClInclude>
    <ClInclude Include="inc\mkNode.h">
      <Filter>头文件</Filter>
    </ClInclude>
    <ClInclude Include="inc\mkSpace.h">
      <Filter>头文件</Filter>
    </ClInclude>
    <ClInclude Include="inc\mkSphere.h">
      <Filter>头文件</Filter>
    </ClInclude>
  </ItemGroup>
  <ItemGroup>
    <ClCompile Include="MaterKit.cpp">
      <Filter>源文件</Filter>
    </ClCompile>
    <ClCompile Include="src\mkFluidsUser.cpp">
      <Filter>源文件</Filter>
    </ClCompile>
  </ItemGroup>
</Project>